
Microsoft Visual Studio Solution File, Format Version 12.00
# Visual Studio Version 16
VisualStudioVersion = 16.0.28803.202
MinimumVisualStudioVersion = 10.0.40219.1
Project("{FAE04EC0-301F-11D3-BF4B-00C04F79EFBC}") = "ExercicioFixacao01", "ExercicioFixacao01\ExercicioFixacao01.csproj", "{97FE01E4-04C6-4A42-9A09-22AA52E88F46}"
EndProject
Global
	GlobalSection(SolutionConfigurationPlatforms) = preSolution
		Debug|Any CPU = Debug|Any CPU
		Release|Any CPU = Release|Any CPU
	EndGlobalSection
	GlobalSection(ProjectConfigurationPlatforms) = postSolution
		{97FE01E4-04C6-4A42-9A09-22AA52E88F46}.Debug|Any CPU.ActiveCfg = Debug|Any CPU
		{97FE01E4-04C6-4A42-9A09-22AA52E88F46}.Debug|Any CPU.Build.0 = Debug|Any CPU
		{97FE01E4-04C6-4A42-9A09-22AA52E88F46}.Release|Any CPU.ActiveCfg = Release|Any CPU
		{97FE01E4-04C6-4A42-9A09-22AA52E88F46}.Release|Any CPU.Build.0 = Release|Any CPU
	EndGlobalSection
	GlobalSection(SolutionProperties) = preSolution
		HideSolutionNode = FALSE
	EndGlobalSection
	GlobalSection(ExtensibilityGlobals) = postSolution
		SolutionGuid = {452BA7F8-C242-4069-850F-CEF8DAB31E48}
	EndGlobalSection
EndGlobal
