
Microsoft Visual Studio Solution File, Format Version 12.00
# Visual Studio Version 16
VisualStudioVersion = 16.0.28803.202
MinimumVisualStudioVersion = 10.0.40219.1
Project("{FAE04EC0-301F-11D3-BF4B-00C04F79EFBC}") = "Lista 02 Exercicio 04", "Lista 02 Exercicio 04\Lista 02 Exercicio 04.csproj", "{18C61DBA-2A54-4C71-B2B2-DB85A6F07B5D}"
EndProject
Global
	GlobalSection(SolutionConfigurationPlatforms) = preSolution
		Debug|Any CPU = Debug|Any CPU
		Release|Any CPU = Release|Any CPU
	EndGlobalSection
	GlobalSection(ProjectConfigurationPlatforms) = postSolution
		{18C61DBA-2A54-4C71-B2B2-DB85A6F07B5D}.Debug|Any CPU.ActiveCfg = Debug|Any CPU
		{18C61DBA-2A54-4C71-B2B2-DB85A6F07B5D}.Debug|Any CPU.Build.0 = Debug|Any CPU
		{18C61DBA-2A54-4C71-B2B2-DB85A6F07B5D}.Release|Any CPU.ActiveCfg = Release|Any CPU
		{18C61DBA-2A54-4C71-B2B2-DB85A6F07B5D}.Release|Any CPU.Build.0 = Release|Any CPU
	EndGlobalSection
	GlobalSection(SolutionProperties) = preSolution
		HideSolutionNode = FALSE
	EndGlobalSection
	GlobalSection(ExtensibilityGlobals) = postSolution
		SolutionGuid = {1D2EBD4E-2597-4FDB-92B3-8F8E1C152128}
	EndGlobalSection
EndGlobal
