
Microsoft Visual Studio Solution File, Format Version 12.00
# Visual Studio Version 16
VisualStudioVersion = 16.0.28803.202
MinimumVisualStudioVersion = 10.0.40219.1
Project("{FAE04EC0-301F-11D3-BF4B-00C04F79EFBC}") = "Aula 78", "Aula 78\Aula 78.csproj", "{71A75F4C-5939-4C4E-9FB3-E37B1C2AEB76}"
EndProject
Global
	GlobalSection(SolutionConfigurationPlatforms) = preSolution
		Debug|Any CPU = Debug|Any CPU
		Release|Any CPU = Release|Any CPU
	EndGlobalSection
	GlobalSection(ProjectConfigurationPlatforms) = postSolution
		{71A75F4C-5939-4C4E-9FB3-E37B1C2AEB76}.Debug|Any CPU.ActiveCfg = Debug|Any CPU
		{71A75F4C-5939-4C4E-9FB3-E37B1C2AEB76}.Debug|Any CPU.Build.0 = Debug|Any CPU
		{71A75F4C-5939-4C4E-9FB3-E37B1C2AEB76}.Release|Any CPU.ActiveCfg = Release|Any CPU
		{71A75F4C-5939-4C4E-9FB3-E37B1C2AEB76}.Release|Any CPU.Build.0 = Release|Any CPU
	EndGlobalSection
	GlobalSection(SolutionProperties) = preSolution
		HideSolutionNode = FALSE
	EndGlobalSection
	GlobalSection(ExtensibilityGlobals) = postSolution
		SolutionGuid = {A141526B-CCBC-4236-AA01-532BA82F7535}
	EndGlobalSection
EndGlobal
