
Microsoft Visual Studio Solution File, Format Version 12.00
# Visual Studio Version 16
VisualStudioVersion = 16.0.28803.202
MinimumVisualStudioVersion = 10.0.40219.1
Project("{FAE04EC0-301F-11D3-BF4B-00C04F79EFBC}") = "Aula 34", "Aula 34\Aula 34.csproj", "{3F9D7D27-F398-4D3F-8FDB-EA7BCD4F8C6B}"
EndProject
Global
	GlobalSection(SolutionConfigurationPlatforms) = preSolution
		Debug|Any CPU = Debug|Any CPU
		Release|Any CPU = Release|Any CPU
	EndGlobalSection
	GlobalSection(ProjectConfigurationPlatforms) = postSolution
		{3F9D7D27-F398-4D3F-8FDB-EA7BCD4F8C6B}.Debug|Any CPU.ActiveCfg = Debug|Any CPU
		{3F9D7D27-F398-4D3F-8FDB-EA7BCD4F8C6B}.Debug|Any CPU.Build.0 = Debug|Any CPU
		{3F9D7D27-F398-4D3F-8FDB-EA7BCD4F8C6B}.Release|Any CPU.ActiveCfg = Release|Any CPU
		{3F9D7D27-F398-4D3F-8FDB-EA7BCD4F8C6B}.Release|Any CPU.Build.0 = Release|Any CPU
	EndGlobalSection
	GlobalSection(SolutionProperties) = preSolution
		HideSolutionNode = FALSE
	EndGlobalSection
	GlobalSection(ExtensibilityGlobals) = postSolution
		SolutionGuid = {21FED193-528B-41D5-87D3-37E4EBAF9781}
	EndGlobalSection
EndGlobal
