
Microsoft Visual Studio Solution File, Format Version 12.00
# Visual Studio Version 16
VisualStudioVersion = 16.0.28803.202
MinimumVisualStudioVersion = 10.0.40219.1
Project("{FAE04EC0-301F-11D3-BF4B-00C04F79EFBC}") = "Aula 42", "Aula 42\Aula 42.csproj", "{77F057D6-63A8-41C8-95EE-B74958838FD9}"
EndProject
Global
	GlobalSection(SolutionConfigurationPlatforms) = preSolution
		Debug|Any CPU = Debug|Any CPU
		Release|Any CPU = Release|Any CPU
	EndGlobalSection
	GlobalSection(ProjectConfigurationPlatforms) = postSolution
		{77F057D6-63A8-41C8-95EE-B74958838FD9}.Debug|Any CPU.ActiveCfg = Debug|Any CPU
		{77F057D6-63A8-41C8-95EE-B74958838FD9}.Debug|Any CPU.Build.0 = Debug|Any CPU
		{77F057D6-63A8-41C8-95EE-B74958838FD9}.Release|Any CPU.ActiveCfg = Release|Any CPU
		{77F057D6-63A8-41C8-95EE-B74958838FD9}.Release|Any CPU.Build.0 = Release|Any CPU
	EndGlobalSection
	GlobalSection(SolutionProperties) = preSolution
		HideSolutionNode = FALSE
	EndGlobalSection
	GlobalSection(ExtensibilityGlobals) = postSolution
		SolutionGuid = {9EE317DF-C9F3-4A35-AD95-D088EC0686C7}
	EndGlobalSection
EndGlobal
