
Microsoft Visual Studio Solution File, Format Version 12.00
# Visual Studio Version 16
VisualStudioVersion = 16.0.28803.202
MinimumVisualStudioVersion = 10.0.40219.1
Project("{FAE04EC0-301F-11D3-BF4B-00C04F79EFBC}") = "Aula 52", "Aula 52\Aula 52.csproj", "{AF2163AD-1896-4FBF-9BB7-DC0E658FDD0C}"
EndProject
Global
	GlobalSection(SolutionConfigurationPlatforms) = preSolution
		Debug|Any CPU = Debug|Any CPU
		Release|Any CPU = Release|Any CPU
	EndGlobalSection
	GlobalSection(ProjectConfigurationPlatforms) = postSolution
		{AF2163AD-1896-4FBF-9BB7-DC0E658FDD0C}.Debug|Any CPU.ActiveCfg = Debug|Any CPU
		{AF2163AD-1896-4FBF-9BB7-DC0E658FDD0C}.Debug|Any CPU.Build.0 = Debug|Any CPU
		{AF2163AD-1896-4FBF-9BB7-DC0E658FDD0C}.Release|Any CPU.ActiveCfg = Release|Any CPU
		{AF2163AD-1896-4FBF-9BB7-DC0E658FDD0C}.Release|Any CPU.Build.0 = Release|Any CPU
	EndGlobalSection
	GlobalSection(SolutionProperties) = preSolution
		HideSolutionNode = FALSE
	EndGlobalSection
	GlobalSection(ExtensibilityGlobals) = postSolution
		SolutionGuid = {1A08F177-0915-4BB5-9A69-1E2009DBFA6E}
	EndGlobalSection
EndGlobal
