
Microsoft Visual Studio Solution File, Format Version 12.00
# Visual Studio Version 16
VisualStudioVersion = 16.0.28803.202
MinimumVisualStudioVersion = 10.0.40219.1
Project("{FAE04EC0-301F-11D3-BF4B-00C04F79EFBC}") = "Aula 71", "Aula 71\Aula 71.csproj", "{4CC6E9A4-99BC-44FF-B1C3-E7A93197181B}"
EndProject
Global
	GlobalSection(SolutionConfigurationPlatforms) = preSolution
		Debug|Any CPU = Debug|Any CPU
		Release|Any CPU = Release|Any CPU
	EndGlobalSection
	GlobalSection(ProjectConfigurationPlatforms) = postSolution
		{4CC6E9A4-99BC-44FF-B1C3-E7A93197181B}.Debug|Any CPU.ActiveCfg = Debug|Any CPU
		{4CC6E9A4-99BC-44FF-B1C3-E7A93197181B}.Debug|Any CPU.Build.0 = Debug|Any CPU
		{4CC6E9A4-99BC-44FF-B1C3-E7A93197181B}.Release|Any CPU.ActiveCfg = Release|Any CPU
		{4CC6E9A4-99BC-44FF-B1C3-E7A93197181B}.Release|Any CPU.Build.0 = Release|Any CPU
	EndGlobalSection
	GlobalSection(SolutionProperties) = preSolution
		HideSolutionNode = FALSE
	EndGlobalSection
	GlobalSection(ExtensibilityGlobals) = postSolution
		SolutionGuid = {B3CC21E9-D14A-4D19-9AED-02AD600154DE}
	EndGlobalSection
EndGlobal
