
Microsoft Visual Studio Solution File, Format Version 12.00
# Visual Studio Version 16
VisualStudioVersion = 16.0.28803.202
MinimumVisualStudioVersion = 10.0.40219.1
Project("{FAE04EC0-301F-11D3-BF4B-00C04F79EFBC}") = "Aula 60 2", "Aula 60 2\Aula 60 2.csproj", "{4B9DFB53-719F-4102-A387-DE2DC09C889B}"
EndProject
Global
	GlobalSection(SolutionConfigurationPlatforms) = preSolution
		Debug|Any CPU = Debug|Any CPU
		Release|Any CPU = Release|Any CPU
	EndGlobalSection
	GlobalSection(ProjectConfigurationPlatforms) = postSolution
		{4B9DFB53-719F-4102-A387-DE2DC09C889B}.Debug|Any CPU.ActiveCfg = Debug|Any CPU
		{4B9DFB53-719F-4102-A387-DE2DC09C889B}.Debug|Any CPU.Build.0 = Debug|Any CPU
		{4B9DFB53-719F-4102-A387-DE2DC09C889B}.Release|Any CPU.ActiveCfg = Release|Any CPU
		{4B9DFB53-719F-4102-A387-DE2DC09C889B}.Release|Any CPU.Build.0 = Release|Any CPU
	EndGlobalSection
	GlobalSection(SolutionProperties) = preSolution
		HideSolutionNode = FALSE
	EndGlobalSection
	GlobalSection(ExtensibilityGlobals) = postSolution
		SolutionGuid = {89ED47D4-BEAD-4030-9D36-01DD2EC76B56}
	EndGlobalSection
EndGlobal
