
Microsoft Visual Studio Solution File, Format Version 12.00
# Visual Studio Version 16
VisualStudioVersion = 16.0.28803.202
MinimumVisualStudioVersion = 10.0.40219.1
Project("{FAE04EC0-301F-11D3-BF4B-00C04F79EFBC}") = "Aula 79", "Aula 79\Aula 79.csproj", "{A84A39C8-E6D1-4DA8-A5E5-43281ECDCADA}"
EndProject
Global
	GlobalSection(SolutionConfigurationPlatforms) = preSolution
		Debug|Any CPU = Debug|Any CPU
		Release|Any CPU = Release|Any CPU
	EndGlobalSection
	GlobalSection(ProjectConfigurationPlatforms) = postSolution
		{A84A39C8-E6D1-4DA8-A5E5-43281ECDCADA}.Debug|Any CPU.ActiveCfg = Debug|Any CPU
		{A84A39C8-E6D1-4DA8-A5E5-43281ECDCADA}.Debug|Any CPU.Build.0 = Debug|Any CPU
		{A84A39C8-E6D1-4DA8-A5E5-43281ECDCADA}.Release|Any CPU.ActiveCfg = Release|Any CPU
		{A84A39C8-E6D1-4DA8-A5E5-43281ECDCADA}.Release|Any CPU.Build.0 = Release|Any CPU
	EndGlobalSection
	GlobalSection(SolutionProperties) = preSolution
		HideSolutionNode = FALSE
	EndGlobalSection
	GlobalSection(ExtensibilityGlobals) = postSolution
		SolutionGuid = {1D974688-1322-43ED-82C4-5DCDFAC60B88}
	EndGlobalSection
EndGlobal
