
Microsoft Visual Studio Solution File, Format Version 12.00
# Visual Studio Version 16
VisualStudioVersion = 16.0.28803.202
MinimumVisualStudioVersion = 10.0.40219.1
Project("{FAE04EC0-301F-11D3-BF4B-00C04F79EFBC}") = "Aula 83", "Aula 83\Aula 83.csproj", "{631519F1-91DA-4FBA-B2D4-482BB429574F}"
EndProject
Global
	GlobalSection(SolutionConfigurationPlatforms) = preSolution
		Debug|Any CPU = Debug|Any CPU
		Release|Any CPU = Release|Any CPU
	EndGlobalSection
	GlobalSection(ProjectConfigurationPlatforms) = postSolution
		{631519F1-91DA-4FBA-B2D4-482BB429574F}.Debug|Any CPU.ActiveCfg = Debug|Any CPU
		{631519F1-91DA-4FBA-B2D4-482BB429574F}.Debug|Any CPU.Build.0 = Debug|Any CPU
		{631519F1-91DA-4FBA-B2D4-482BB429574F}.Release|Any CPU.ActiveCfg = Release|Any CPU
		{631519F1-91DA-4FBA-B2D4-482BB429574F}.Release|Any CPU.Build.0 = Release|Any CPU
	EndGlobalSection
	GlobalSection(SolutionProperties) = preSolution
		HideSolutionNode = FALSE
	EndGlobalSection
	GlobalSection(ExtensibilityGlobals) = postSolution
		SolutionGuid = {A69DCD23-6F1A-4426-9D49-F437D96C39F1}
	EndGlobalSection
EndGlobal
