
Microsoft Visual Studio Solution File, Format Version 12.00
# Visual Studio Version 16
VisualStudioVersion = 16.0.28803.202
MinimumVisualStudioVersion = 10.0.40219.1
Project("{FAE04EC0-301F-11D3-BF4B-00C04F79EFBC}") = "Aula 60", "Aula 60\Aula 60.csproj", "{851CFDDD-B96D-40C7-B465-900623B30618}"
EndProject
Global
	GlobalSection(SolutionConfigurationPlatforms) = preSolution
		Debug|Any CPU = Debug|Any CPU
		Release|Any CPU = Release|Any CPU
	EndGlobalSection
	GlobalSection(ProjectConfigurationPlatforms) = postSolution
		{851CFDDD-B96D-40C7-B465-900623B30618}.Debug|Any CPU.ActiveCfg = Debug|Any CPU
		{851CFDDD-B96D-40C7-B465-900623B30618}.Debug|Any CPU.Build.0 = Debug|Any CPU
		{851CFDDD-B96D-40C7-B465-900623B30618}.Release|Any CPU.ActiveCfg = Release|Any CPU
		{851CFDDD-B96D-40C7-B465-900623B30618}.Release|Any CPU.Build.0 = Release|Any CPU
	EndGlobalSection
	GlobalSection(SolutionProperties) = preSolution
		HideSolutionNode = FALSE
	EndGlobalSection
	GlobalSection(ExtensibilityGlobals) = postSolution
		SolutionGuid = {E047AED1-EBD7-464A-B76D-3FAB141E0D00}
	EndGlobalSection
EndGlobal
