
Microsoft Visual Studio Solution File, Format Version 12.00
# Visual Studio Version 16
VisualStudioVersion = 16.0.28803.202
MinimumVisualStudioVersion = 10.0.40219.1
Project("{FAE04EC0-301F-11D3-BF4B-00C04F79EFBC}") = "Aula 30", "Aula 30\Aula 30.csproj", "{45808DE8-EC5D-4DB2-B6ED-4362FA5CCEE1}"
EndProject
Global
	GlobalSection(SolutionConfigurationPlatforms) = preSolution
		Debug|Any CPU = Debug|Any CPU
		Release|Any CPU = Release|Any CPU
	EndGlobalSection
	GlobalSection(ProjectConfigurationPlatforms) = postSolution
		{45808DE8-EC5D-4DB2-B6ED-4362FA5CCEE1}.Debug|Any CPU.ActiveCfg = Debug|Any CPU
		{45808DE8-EC5D-4DB2-B6ED-4362FA5CCEE1}.Debug|Any CPU.Build.0 = Debug|Any CPU
		{45808DE8-EC5D-4DB2-B6ED-4362FA5CCEE1}.Release|Any CPU.ActiveCfg = Release|Any CPU
		{45808DE8-EC5D-4DB2-B6ED-4362FA5CCEE1}.Release|Any CPU.Build.0 = Release|Any CPU
	EndGlobalSection
	GlobalSection(SolutionProperties) = preSolution
		HideSolutionNode = FALSE
	EndGlobalSection
	GlobalSection(ExtensibilityGlobals) = postSolution
		SolutionGuid = {162C94DA-85C0-4CC3-9114-853E73DF3DB4}
	EndGlobalSection
EndGlobal
