
Microsoft Visual Studio Solution File, Format Version 12.00
# Visual Studio Version 16
VisualStudioVersion = 16.0.28803.202
MinimumVisualStudioVersion = 10.0.40219.1
Project("{FAE04EC0-301F-11D3-BF4B-00C04F79EFBC}") = "Aula 78 2", "Aula 78 2\Aula 78 2.csproj", "{364E32F7-70B5-461A-B0E5-98370342C0E6}"
EndProject
Global
	GlobalSection(SolutionConfigurationPlatforms) = preSolution
		Debug|Any CPU = Debug|Any CPU
		Release|Any CPU = Release|Any CPU
	EndGlobalSection
	GlobalSection(ProjectConfigurationPlatforms) = postSolution
		{364E32F7-70B5-461A-B0E5-98370342C0E6}.Debug|Any CPU.ActiveCfg = Debug|Any CPU
		{364E32F7-70B5-461A-B0E5-98370342C0E6}.Debug|Any CPU.Build.0 = Debug|Any CPU
		{364E32F7-70B5-461A-B0E5-98370342C0E6}.Release|Any CPU.ActiveCfg = Release|Any CPU
		{364E32F7-70B5-461A-B0E5-98370342C0E6}.Release|Any CPU.Build.0 = Release|Any CPU
	EndGlobalSection
	GlobalSection(SolutionProperties) = preSolution
		HideSolutionNode = FALSE
	EndGlobalSection
	GlobalSection(ExtensibilityGlobals) = postSolution
		SolutionGuid = {C6CB0691-F27E-497E-B8BB-B85E7F0FBCF3}
	EndGlobalSection
EndGlobal
