
Microsoft Visual Studio Solution File, Format Version 12.00
# Visual Studio Version 16
VisualStudioVersion = 16.0.28803.202
MinimumVisualStudioVersion = 10.0.40219.1
Project("{FAE04EC0-301F-11D3-BF4B-00C04F79EFBC}") = "Aula 45 Ex 03", "Aula 45 Ex 03\Aula 45 Ex 03.csproj", "{279291A9-8F1E-4FFC-A1E1-7CFF12304766}"
EndProject
Global
	GlobalSection(SolutionConfigurationPlatforms) = preSolution
		Debug|Any CPU = Debug|Any CPU
		Release|Any CPU = Release|Any CPU
	EndGlobalSection
	GlobalSection(ProjectConfigurationPlatforms) = postSolution
		{279291A9-8F1E-4FFC-A1E1-7CFF12304766}.Debug|Any CPU.ActiveCfg = Debug|Any CPU
		{279291A9-8F1E-4FFC-A1E1-7CFF12304766}.Debug|Any CPU.Build.0 = Debug|Any CPU
		{279291A9-8F1E-4FFC-A1E1-7CFF12304766}.Release|Any CPU.ActiveCfg = Release|Any CPU
		{279291A9-8F1E-4FFC-A1E1-7CFF12304766}.Release|Any CPU.Build.0 = Release|Any CPU
	EndGlobalSection
	GlobalSection(SolutionProperties) = preSolution
		HideSolutionNode = FALSE
	EndGlobalSection
	GlobalSection(ExtensibilityGlobals) = postSolution
		SolutionGuid = {FA3B6C70-094F-4EA7-A876-7362A542DFB1}
	EndGlobalSection
EndGlobal
