
Microsoft Visual Studio Solution File, Format Version 12.00
# Visual Studio Version 16
VisualStudioVersion = 16.0.28803.202
MinimumVisualStudioVersion = 10.0.40219.1
Project("{FAE04EC0-301F-11D3-BF4B-00C04F79EFBC}") = "primeirosExercicios01", "primeirosExercicios01\primeirosExercicios01.csproj", "{A31A5AD8-FDD6-4F8F-AD71-496C2B430FB8}"
EndProject
Global
	GlobalSection(SolutionConfigurationPlatforms) = preSolution
		Debug|Any CPU = Debug|Any CPU
		Release|Any CPU = Release|Any CPU
	EndGlobalSection
	GlobalSection(ProjectConfigurationPlatforms) = postSolution
		{A31A5AD8-FDD6-4F8F-AD71-496C2B430FB8}.Debug|Any CPU.ActiveCfg = Debug|Any CPU
		{A31A5AD8-FDD6-4F8F-AD71-496C2B430FB8}.Debug|Any CPU.Build.0 = Debug|Any CPU
		{A31A5AD8-FDD6-4F8F-AD71-496C2B430FB8}.Release|Any CPU.ActiveCfg = Release|Any CPU
		{A31A5AD8-FDD6-4F8F-AD71-496C2B430FB8}.Release|Any CPU.Build.0 = Release|Any CPU
	EndGlobalSection
	GlobalSection(SolutionProperties) = preSolution
		HideSolutionNode = FALSE
	EndGlobalSection
	GlobalSection(ExtensibilityGlobals) = postSolution
		SolutionGuid = {5B801CB7-4463-4DF7-B246-D85CFC1BBB68}
	EndGlobalSection
EndGlobal
