
Microsoft Visual Studio Solution File, Format Version 12.00
# Visual Studio Version 16
VisualStudioVersion = 16.0.28803.202
MinimumVisualStudioVersion = 10.0.40219.1
Project("{FAE04EC0-301F-11D3-BF4B-00C04F79EFBC}") = "primeirosExercicios02", "primeirosExercicios02\primeirosExercicios02.csproj", "{29746D39-7AF3-40B5-B92B-9273C7A5AB39}"
EndProject
Global
	GlobalSection(SolutionConfigurationPlatforms) = preSolution
		Debug|Any CPU = Debug|Any CPU
		Release|Any CPU = Release|Any CPU
	EndGlobalSection
	GlobalSection(ProjectConfigurationPlatforms) = postSolution
		{29746D39-7AF3-40B5-B92B-9273C7A5AB39}.Debug|Any CPU.ActiveCfg = Debug|Any CPU
		{29746D39-7AF3-40B5-B92B-9273C7A5AB39}.Debug|Any CPU.Build.0 = Debug|Any CPU
		{29746D39-7AF3-40B5-B92B-9273C7A5AB39}.Release|Any CPU.ActiveCfg = Release|Any CPU
		{29746D39-7AF3-40B5-B92B-9273C7A5AB39}.Release|Any CPU.Build.0 = Release|Any CPU
	EndGlobalSection
	GlobalSection(SolutionProperties) = preSolution
		HideSolutionNode = FALSE
	EndGlobalSection
	GlobalSection(ExtensibilityGlobals) = postSolution
		SolutionGuid = {28DA3ADA-4879-472D-A843-5718552018D1}
	EndGlobalSection
EndGlobal
