
Microsoft Visual Studio Solution File, Format Version 12.00
# Visual Studio Version 16
VisualStudioVersion = 16.0.28803.202
MinimumVisualStudioVersion = 10.0.40219.1
Project("{FAE04EC0-301F-11D3-BF4B-00C04F79EFBC}") = "Teste01", "Teste01\Teste01.csproj", "{F254F327-76C3-4D67-B51B-A1C843C57C02}"
EndProject
Global
	GlobalSection(SolutionConfigurationPlatforms) = preSolution
		Debug|Any CPU = Debug|Any CPU
		Release|Any CPU = Release|Any CPU
	EndGlobalSection
	GlobalSection(ProjectConfigurationPlatforms) = postSolution
		{F254F327-76C3-4D67-B51B-A1C843C57C02}.Debug|Any CPU.ActiveCfg = Debug|Any CPU
		{F254F327-76C3-4D67-B51B-A1C843C57C02}.Debug|Any CPU.Build.0 = Debug|Any CPU
		{F254F327-76C3-4D67-B51B-A1C843C57C02}.Release|Any CPU.ActiveCfg = Release|Any CPU
		{F254F327-76C3-4D67-B51B-A1C843C57C02}.Release|Any CPU.Build.0 = Release|Any CPU
	EndGlobalSection
	GlobalSection(SolutionProperties) = preSolution
		HideSolutionNode = FALSE
	EndGlobalSection
	GlobalSection(ExtensibilityGlobals) = postSolution
		SolutionGuid = {7C5BF36B-1918-4184-82A4-A78CA1AE2B0A}
	EndGlobalSection
EndGlobal
