
Microsoft Visual Studio Solution File, Format Version 12.00
# Visual Studio Version 16
VisualStudioVersion = 16.0.28803.202
MinimumVisualStudioVersion = 10.0.40219.1
Project("{FAE04EC0-301F-11D3-BF4B-00C04F79EFBC}") = "Exercicio 05 Lista 01", "Exercicio 05 Lista 01\Exercicio 05 Lista 01.csproj", "{BCD0337B-8C74-418B-B18D-0AF8F776B7A6}"
EndProject
Global
	GlobalSection(SolutionConfigurationPlatforms) = preSolution
		Debug|Any CPU = Debug|Any CPU
		Release|Any CPU = Release|Any CPU
	EndGlobalSection
	GlobalSection(ProjectConfigurationPlatforms) = postSolution
		{BCD0337B-8C74-418B-B18D-0AF8F776B7A6}.Debug|Any CPU.ActiveCfg = Debug|Any CPU
		{BCD0337B-8C74-418B-B18D-0AF8F776B7A6}.Debug|Any CPU.Build.0 = Debug|Any CPU
		{BCD0337B-8C74-418B-B18D-0AF8F776B7A6}.Release|Any CPU.ActiveCfg = Release|Any CPU
		{BCD0337B-8C74-418B-B18D-0AF8F776B7A6}.Release|Any CPU.Build.0 = Release|Any CPU
	EndGlobalSection
	GlobalSection(SolutionProperties) = preSolution
		HideSolutionNode = FALSE
	EndGlobalSection
	GlobalSection(ExtensibilityGlobals) = postSolution
		SolutionGuid = {DAE7C96F-797F-4F88-8716-0C7782888488}
	EndGlobalSection
EndGlobal
