
Microsoft Visual Studio Solution File, Format Version 12.00
# Visual Studio Version 16
VisualStudioVersion = 16.0.28803.202
MinimumVisualStudioVersion = 10.0.40219.1
Project("{FAE04EC0-301F-11D3-BF4B-00C04F79EFBC}") = "Aula 23", "Aula 23\Aula 23.csproj", "{47CE47ED-6CC1-4E8D-A03F-1758E6013935}"
EndProject
Global
	GlobalSection(SolutionConfigurationPlatforms) = preSolution
		Debug|Any CPU = Debug|Any CPU
		Release|Any CPU = Release|Any CPU
	EndGlobalSection
	GlobalSection(ProjectConfigurationPlatforms) = postSolution
		{47CE47ED-6CC1-4E8D-A03F-1758E6013935}.Debug|Any CPU.ActiveCfg = Debug|Any CPU
		{47CE47ED-6CC1-4E8D-A03F-1758E6013935}.Debug|Any CPU.Build.0 = Debug|Any CPU
		{47CE47ED-6CC1-4E8D-A03F-1758E6013935}.Release|Any CPU.ActiveCfg = Release|Any CPU
		{47CE47ED-6CC1-4E8D-A03F-1758E6013935}.Release|Any CPU.Build.0 = Release|Any CPU
	EndGlobalSection
	GlobalSection(SolutionProperties) = preSolution
		HideSolutionNode = FALSE
	EndGlobalSection
	GlobalSection(ExtensibilityGlobals) = postSolution
		SolutionGuid = {E3AA6E84-B816-4C5A-95F6-5183D4C131C6}
	EndGlobalSection
EndGlobal
