
Microsoft Visual Studio Solution File, Format Version 12.00
# Visual Studio Version 16
VisualStudioVersion = 16.0.28803.202
MinimumVisualStudioVersion = 10.0.40219.1
Project("{FAE04EC0-301F-11D3-BF4B-00C04F79EFBC}") = "Segundo Projeto", "Segundo Projeto\Segundo Projeto.csproj", "{22114B4E-E1AD-4076-B6BA-C239962ED1A6}"
EndProject
Global
	GlobalSection(SolutionConfigurationPlatforms) = preSolution
		Debug|Any CPU = Debug|Any CPU
		Release|Any CPU = Release|Any CPU
	EndGlobalSection
	GlobalSection(ProjectConfigurationPlatforms) = postSolution
		{22114B4E-E1AD-4076-B6BA-C239962ED1A6}.Debug|Any CPU.ActiveCfg = Debug|Any CPU
		{22114B4E-E1AD-4076-B6BA-C239962ED1A6}.Debug|Any CPU.Build.0 = Debug|Any CPU
		{22114B4E-E1AD-4076-B6BA-C239962ED1A6}.Release|Any CPU.ActiveCfg = Release|Any CPU
		{22114B4E-E1AD-4076-B6BA-C239962ED1A6}.Release|Any CPU.Build.0 = Release|Any CPU
	EndGlobalSection
	GlobalSection(SolutionProperties) = preSolution
		HideSolutionNode = FALSE
	EndGlobalSection
	GlobalSection(ExtensibilityGlobals) = postSolution
		SolutionGuid = {5237E6ED-FEFE-4DAC-9218-E324CE2CEAEE}
	EndGlobalSection
EndGlobal
