
Microsoft Visual Studio Solution File, Format Version 12.00
# Visual Studio Version 16
VisualStudioVersion = 16.0.28803.202
MinimumVisualStudioVersion = 10.0.40219.1
Project("{FAE04EC0-301F-11D3-BF4B-00C04F79EFBC}") = "PrimeiroProjeto", "PrimeiroProjeto\PrimeiroProjeto.csproj", "{A41EF519-F8CA-41A0-8A40-1201C232E829}"
EndProject
Global
	GlobalSection(SolutionConfigurationPlatforms) = preSolution
		Debug|Any CPU = Debug|Any CPU
		Release|Any CPU = Release|Any CPU
	EndGlobalSection
	GlobalSection(ProjectConfigurationPlatforms) = postSolution
		{A41EF519-F8CA-41A0-8A40-1201C232E829}.Debug|Any CPU.ActiveCfg = Debug|Any CPU
		{A41EF519-F8CA-41A0-8A40-1201C232E829}.Debug|Any CPU.Build.0 = Debug|Any CPU
		{A41EF519-F8CA-41A0-8A40-1201C232E829}.Release|Any CPU.ActiveCfg = Release|Any CPU
		{A41EF519-F8CA-41A0-8A40-1201C232E829}.Release|Any CPU.Build.0 = Release|Any CPU
	EndGlobalSection
	GlobalSection(SolutionProperties) = preSolution
		HideSolutionNode = FALSE
	EndGlobalSection
	GlobalSection(ExtensibilityGlobals) = postSolution
		SolutionGuid = {0AF4CF0A-8051-4229-A9E3-65F170C5A376}
	EndGlobalSection
EndGlobal
