
Microsoft Visual Studio Solution File, Format Version 12.00
# Visual Studio Version 16
VisualStudioVersion = 16.0.28803.202
MinimumVisualStudioVersion = 10.0.40219.1
Project("{FAE04EC0-301F-11D3-BF4B-00C04F79EFBC}") = "Lista 02 Exercicio 08", "Lista 02 Exercicio 08\Lista 02 Exercicio 08.csproj", "{46C8705E-95A7-426A-8350-36D037F9B86B}"
EndProject
Global
	GlobalSection(SolutionConfigurationPlatforms) = preSolution
		Debug|Any CPU = Debug|Any CPU
		Release|Any CPU = Release|Any CPU
	EndGlobalSection
	GlobalSection(ProjectConfigurationPlatforms) = postSolution
		{46C8705E-95A7-426A-8350-36D037F9B86B}.Debug|Any CPU.ActiveCfg = Debug|Any CPU
		{46C8705E-95A7-426A-8350-36D037F9B86B}.Debug|Any CPU.Build.0 = Debug|Any CPU
		{46C8705E-95A7-426A-8350-36D037F9B86B}.Release|Any CPU.ActiveCfg = Release|Any CPU
		{46C8705E-95A7-426A-8350-36D037F9B86B}.Release|Any CPU.Build.0 = Release|Any CPU
	EndGlobalSection
	GlobalSection(SolutionProperties) = preSolution
		HideSolutionNode = FALSE
	EndGlobalSection
	GlobalSection(ExtensibilityGlobals) = postSolution
		SolutionGuid = {7FF8D6A1-D19D-40D0-9B97-9FD604D78B35}
	EndGlobalSection
EndGlobal
